
Microsoft Visual Studio Solution File, Format Version 12.00
# Visual Studio 15
VisualStudioVersion = 15.0.28010.2050
MinimumVisualStudioVersion = 10.0.40219.1
Project("{FAE04EC0-301F-11D3-BF4B-00C04F79EFBC}") = "cSharpWeek1wc2", "cSharpWeek1wc2\cSharpWeek1wc2.csproj", "{D7923FB2-1702-4E3D-8D45-4F222BFC8CC1}"
EndProject
Global
	GlobalSection(SolutionConfigurationPlatforms) = preSolution
		Debug|Any CPU = Debug|Any CPU
		Release|Any CPU = Release|Any CPU
	EndGlobalSection
	GlobalSection(ProjectConfigurationPlatforms) = postSolution
		{D7923FB2-1702-4E3D-8D45-4F222BFC8CC1}.Debug|Any CPU.ActiveCfg = Debug|Any CPU
		{D7923FB2-1702-4E3D-8D45-4F222BFC8CC1}.Debug|Any CPU.Build.0 = Debug|Any CPU
		{D7923FB2-1702-4E3D-8D45-4F222BFC8CC1}.Release|Any CPU.ActiveCfg = Release|Any CPU
		{D7923FB2-1702-4E3D-8D45-4F222BFC8CC1}.Release|Any CPU.Build.0 = Release|Any CPU
	EndGlobalSection
	GlobalSection(SolutionProperties) = preSolution
		HideSolutionNode = FALSE
	EndGlobalSection
	GlobalSection(ExtensibilityGlobals) = postSolution
		SolutionGuid = {FFB9ED7B-56BA-4701-8268-159AD1EB1DAF}
	EndGlobalSection
EndGlobal
